
Microsoft Visual Studio Solution File, Format Version 12.00
# Visual Studio 15
Project("{FAE04EC0-301F-11D3-BF4B-00C04F79EFBC}") = "UnityEngine.UI", "UnityEngine.UI.csproj", "{C0848ABD-AB11-4FCD-2A8F-4D65FFC591AC}"
EndProject
Project("{FAE04EC0-301F-11D3-BF4B-00C04F79EFBC}") = "Assembly-CSharp", "Assembly-CSharp.csproj", "{03D5AF02-CCFB-FBC1-91BB-7B1F53FB63D9}"
EndProject
Project("{FAE04EC0-301F-11D3-BF4B-00C04F79EFBC}") = "Unity.2D.Sprite.Editor", "Unity.2D.Sprite.Editor.csproj", "{71571448-8846-05D7-8254-F0687DB8AA47}"
EndProject
Project("{FAE04EC0-301F-11D3-BF4B-00C04F79EFBC}") = "UnityEditor.UI", "UnityEditor.UI.csproj", "{BDC5EECE-C999-A098-E099-328EA722AED7}"
EndProject
Project("{FAE04EC0-301F-11D3-BF4B-00C04F79EFBC}") = "Unity.2D.Tilemap.Editor", "Unity.2D.Tilemap.Editor.csproj", "{BD5BA4FB-4594-E6EA-B583-E5B590077CCE}"
EndProject
Global
	GlobalSection(SolutionConfigurationPlatforms) = preSolution
		Debug|Any CPU = Debug|Any CPU
		Release|Any CPU = Release|Any CPU
	EndGlobalSection
	GlobalSection(ProjectConfigurationPlatforms) = postSolution
		{C0848ABD-AB11-4FCD-2A8F-4D65FFC591AC}.Debug|Any CPU.ActiveCfg = Debug|Any CPU
		{C0848ABD-AB11-4FCD-2A8F-4D65FFC591AC}.Debug|Any CPU.Build.0 = Debug|Any CPU
		{C0848ABD-AB11-4FCD-2A8F-4D65FFC591AC}.Release|Any CPU.ActiveCfg = Release|Any CPU
		{C0848ABD-AB11-4FCD-2A8F-4D65FFC591AC}.Release|Any CPU.Build.0 = Release|Any CPU
		{03D5AF02-CCFB-FBC1-91BB-7B1F53FB63D9}.Debug|Any CPU.ActiveCfg = Debug|Any CPU
		{03D5AF02-CCFB-FBC1-91BB-7B1F53FB63D9}.Debug|Any CPU.Build.0 = Debug|Any CPU
		{03D5AF02-CCFB-FBC1-91BB-7B1F53FB63D9}.Release|Any CPU.ActiveCfg = Release|Any CPU
		{03D5AF02-CCFB-FBC1-91BB-7B1F53FB63D9}.Release|Any CPU.Build.0 = Release|Any CPU
		{71571448-8846-05D7-8254-F0687DB8AA47}.Debug|Any CPU.ActiveCfg = Debug|Any CPU
		{71571448-8846-05D7-8254-F0687DB8AA47}.Debug|Any CPU.Build.0 = Debug|Any CPU
		{71571448-8846-05D7-8254-F0687DB8AA47}.Release|Any CPU.ActiveCfg = Release|Any CPU
		{71571448-8846-05D7-8254-F0687DB8AA47}.Release|Any CPU.Build.0 = Release|Any CPU
		{BDC5EECE-C999-A098-E099-328EA722AED7}.Debug|Any CPU.ActiveCfg = Debug|Any CPU
		{BDC5EECE-C999-A098-E099-328EA722AED7}.Debug|Any CPU.Build.0 = Debug|Any CPU
		{BDC5EECE-C999-A098-E099-328EA722AED7}.Release|Any CPU.ActiveCfg = Release|Any CPU
		{BDC5EECE-C999-A098-E099-328EA722AED7}.Release|Any CPU.Build.0 = Release|Any CPU
		{BD5BA4FB-4594-E6EA-B583-E5B590077CCE}.Debug|Any CPU.ActiveCfg = Debug|Any CPU
		{BD5BA4FB-4594-E6EA-B583-E5B590077CCE}.Debug|Any CPU.Build.0 = Debug|Any CPU
		{BD5BA4FB-4594-E6EA-B583-E5B590077CCE}.Release|Any CPU.ActiveCfg = Release|Any CPU
		{BD5BA4FB-4594-E6EA-B583-E5B590077CCE}.Release|Any CPU.Build.0 = Release|Any CPU
	EndGlobalSection
	GlobalSection(SolutionProperties) = preSolution
		HideSolutionNode = FALSE
	EndGlobalSection
EndGlobal
